
Microsoft Visual Studio Solution File, Format Version 12.00
# Visual Studio Version 17
VisualStudioVersion = 17.9.34616.47
MinimumVisualStudioVersion = 10.0.40219.1
Project("{FAE04EC0-301F-11D3-BF4B-00C04F79EFBC}") = "HashFile", "HashValues\HashFile.csproj", "{EEEF3EF7-E6F2-4B76-89CC-99BFBCB0F55D}"
EndProject
Project("{FAE04EC0-301F-11D3-BF4B-00C04F79EFBC}") = "HashFilesLib", "HashFilesLib\HashFilesLib.csproj", "{52C32E66-EAD9-40E8-B988-AA7342471E29}"
EndProject
Global
	GlobalSection(SolutionConfigurationPlatforms) = preSolution
		Debug|Any CPU = Debug|Any CPU
		Release|Any CPU = Release|Any CPU
	EndGlobalSection
	GlobalSection(ProjectConfigurationPlatforms) = postSolution
		{EEEF3EF7-E6F2-4B76-89CC-99BFBCB0F55D}.Debug|Any CPU.ActiveCfg = Debug|Any CPU
		{EEEF3EF7-E6F2-4B76-89CC-99BFBCB0F55D}.Debug|Any CPU.Build.0 = Debug|Any CPU
		{EEEF3EF7-E6F2-4B76-89CC-99BFBCB0F55D}.Release|Any CPU.ActiveCfg = Release|Any CPU
		{EEEF3EF7-E6F2-4B76-89CC-99BFBCB0F55D}.Release|Any CPU.Build.0 = Release|Any CPU
		{52C32E66-EAD9-40E8-B988-AA7342471E29}.Debug|Any CPU.ActiveCfg = Debug|Any CPU
		{52C32E66-EAD9-40E8-B988-AA7342471E29}.Debug|Any CPU.Build.0 = Debug|Any CPU
		{52C32E66-EAD9-40E8-B988-AA7342471E29}.Release|Any CPU.ActiveCfg = Release|Any CPU
		{52C32E66-EAD9-40E8-B988-AA7342471E29}.Release|Any CPU.Build.0 = Release|Any CPU
	EndGlobalSection
	GlobalSection(SolutionProperties) = preSolution
		HideSolutionNode = FALSE
	EndGlobalSection
	GlobalSection(ExtensibilityGlobals) = postSolution
		SolutionGuid = {64E1C9CC-1575-4015-A312-706BF393EC25}
	EndGlobalSection
EndGlobal
